{
  "requires": true,
  "lockfileVersion": 1,
  "dependencies": {
    "@types/jquery": {
      "version": "3.3.36",
      "resolved": "https://registry.npmjs.org/@types/jquery/-/jquery-3.3.36.tgz",
      "integrity": "sha512-jHL8J5y5fJ0+C9zCTkeOvX4zqRnPug3r6JhAqAYl2YyBCYHiXTbZSH0MRCpayZADed5TigPjH92dEKczUFT2TQ==",
      "dev": true,
      "requires": {
        "@types/sizzle": "*"
      }
    },
    "@types/node": {
      "version": "13.13.4",
      "resolved": "https://registry.npmjs.org/@types/node/-/node-13.13.4.tgz",
      "integrity": "sha512-x26ur3dSXgv5AwKS0lNfbjpCakGIduWU1DU91Zz58ONRWrIKGunmZBNv4P7N+e27sJkiGDsw/3fT4AtsqQBrBA==",
      "dev": true
    },
    "@types/sizzle": {
      "version": "2.3.2",
      "resolved": "https://registry.npmjs.org/@types/sizzle/-/sizzle-2.3.2.tgz",
      "integrity": "sha512-7EJYyKTL7tFR8+gDbB6Wwz/arpGa0Mywk1TJbNzKzHtzbwVmY4HR9WqS5VV7dsBUKQmPNr192jHr/VpBluj/hg==",
      "dev": true
    },
    "@types/socket.io": {
      "version": "2.1.4",
      "resolved": "https://registry.npmjs.org/@types/socket.io/-/socket.io-2.1.4.tgz",
      "integrity": "sha512-cI98INy7tYnweTsUlp8ocveVdAxENUThO0JsLSCs51cjOP2yV5Mqo5QszMDPckyRRA+PO6+wBgKvGvHUCc23TQ==",
      "dev": true,
      "requires": {
        "@types/node": "*"
      }
    },
    "foundry-pc-types": {
      "version": "gitlab:foundry-projects/foundry-pc/foundry-pc-types#1f2c58cbcd0281e2cf44594ddc24778887584d65",
      "from": "gitlab:foundry-projects/foundry-pc/foundry-pc-types",
      "dev": true,
      "requires": {
        "@types/jquery": "^3.3.31",
        "@types/socket.io": "^2.1.4"
      }
    }
  }
}
